
Microsoft Visual Studio Solution File, Format Version 12.00
# Visual Studio Version 17
VisualStudioVersion = 17.14.36221.1
MinimumVisualStudioVersion = 10.0.40219.1
Project("{FAE04EC0-301F-11D3-BF4B-00C04F79EFBC}") = "GameAssetEditor", "GameAssetEditor\GameAssetEditor.csproj", "{FB921E56-F1E9-4DB1-B445-40BF56CE1437}"
EndProject
Global
	GlobalSection(SolutionConfigurationPlatforms) = preSolution
		Debug|Any CPU = Debug|Any CPU
		Release|Any CPU = Release|Any CPU
	EndGlobalSection
	GlobalSection(ProjectConfigurationPlatforms) = postSolution
		{FB921E56-F1E9-4DB1-B445-40BF56CE1437}.Debug|Any CPU.ActiveCfg = Debug|Any CPU
		{FB921E56-F1E9-4DB1-B445-40BF56CE1437}.Debug|Any CPU.Build.0 = Debug|Any CPU
		{FB921E56-F1E9-4DB1-B445-40BF56CE1437}.Release|Any CPU.ActiveCfg = Release|Any CPU
		{FB921E56-F1E9-4DB1-B445-40BF56CE1437}.Release|Any CPU.Build.0 = Release|Any CPU
	EndGlobalSection
	GlobalSection(SolutionProperties) = preSolution
		HideSolutionNode = FALSE
	EndGlobalSection
	GlobalSection(ExtensibilityGlobals) = postSolution
		SolutionGuid = {5CA14F6D-13EA-4362-85E0-7A28CDD1198B}
	EndGlobalSection
EndGlobal
